
Microsoft Visual Studio Solution File, Format Version 12.00
# Visual Studio Version 17
VisualStudioVersion = 17.2.32616.157
MinimumVisualStudioVersion = 10.0.40219.1
Project("{FAE04EC0-301F-11D3-BF4B-00C04F79EFBC}") = "Web_GitHub_AutoTest", "Web_GitHub_AutoTest\Web_GitHub_AutoTest.csproj", "{EF378129-C52E-456A-BF4D-27A9D2E48668}"
EndProject
Project("{FAE04EC0-301F-11D3-BF4B-00C04F79EFBC}") = "Web_Github_AutoTest.Test", "Web_Github_AutoTest.Test\Web_Github_AutoTest.Test.csproj", "{638D5E6E-E008-4C93-BD1B-76ECE79A4C86}"
EndProject
Global
	GlobalSection(SolutionConfigurationPlatforms) = preSolution
		Debug|Any CPU = Debug|Any CPU
		Release|Any CPU = Release|Any CPU
	EndGlobalSection
	GlobalSection(ProjectConfigurationPlatforms) = postSolution
		{EF378129-C52E-456A-BF4D-27A9D2E48668}.Debug|Any CPU.ActiveCfg = Debug|Any CPU
		{EF378129-C52E-456A-BF4D-27A9D2E48668}.Debug|Any CPU.Build.0 = Debug|Any CPU
		{EF378129-C52E-456A-BF4D-27A9D2E48668}.Release|Any CPU.ActiveCfg = Release|Any CPU
		{EF378129-C52E-456A-BF4D-27A9D2E48668}.Release|Any CPU.Build.0 = Release|Any CPU
		{638D5E6E-E008-4C93-BD1B-76ECE79A4C86}.Debug|Any CPU.ActiveCfg = Debug|Any CPU
		{638D5E6E-E008-4C93-BD1B-76ECE79A4C86}.Debug|Any CPU.Build.0 = Debug|Any CPU
		{638D5E6E-E008-4C93-BD1B-76ECE79A4C86}.Release|Any CPU.ActiveCfg = Release|Any CPU
		{638D5E6E-E008-4C93-BD1B-76ECE79A4C86}.Release|Any CPU.Build.0 = Release|Any CPU
	EndGlobalSection
	GlobalSection(SolutionProperties) = preSolution
		HideSolutionNode = FALSE
	EndGlobalSection
	GlobalSection(ExtensibilityGlobals) = postSolution
		SolutionGuid = {445EA754-52E9-465C-8884-804791456F11}
	EndGlobalSection
EndGlobal
